
Microsoft Visual Studio Solution File, Format Version 12.00
# Visual Studio Version 17
VisualStudioVersion = 17.8.34408.163
MinimumVisualStudioVersion = 10.0.40219.1
Project("{FAE04EC0-301F-11D3-BF4B-00C04F79EFBC}") = "ConsoleApp1", "ConsoleApp1\ConsoleApp1.csproj", "{AD067326-8D22-4F40-810F-53C25CC2CF45}"
EndProject
Global
	GlobalSection(SolutionConfigurationPlatforms) = preSolution
		Debug|Any CPU = Debug|Any CPU
		Release|Any CPU = Release|Any CPU
	EndGlobalSection
	GlobalSection(ProjectConfigurationPlatforms) = postSolution
		{AD067326-8D22-4F40-810F-53C25CC2CF45}.Debug|Any CPU.ActiveCfg = Debug|Any CPU
		{AD067326-8D22-4F40-810F-53C25CC2CF45}.Debug|Any CPU.Build.0 = Debug|Any CPU
		{AD067326-8D22-4F40-810F-53C25CC2CF45}.Release|Any CPU.ActiveCfg = Release|Any CPU
		{AD067326-8D22-4F40-810F-53C25CC2CF45}.Release|Any CPU.Build.0 = Release|Any CPU
	EndGlobalSection
	GlobalSection(SolutionProperties) = preSolution
		HideSolutionNode = FALSE
	EndGlobalSection
	GlobalSection(ExtensibilityGlobals) = postSolution
		SolutionGuid = {DC85FBE2-36B7-46C4-914B-F28239F8D997}
	EndGlobalSection
EndGlobal
